
Microsoft Visual Studio Solution File, Format Version 11.00
# Visual Studio 2010
Project("{FAE04EC0-301F-11D3-BF4B-00C04F79EFBC}") = "Genesis.Test", "Genesis.Test\Genesis.Test.csproj", "{F1742559-9FA1-484B-86E0-1D4C6888AECE}"
	ProjectSection(ProjectDependencies) = postProject
		{C1FE761F-A001-4D64-90D7-BB8A92381C7D} = {C1FE761F-A001-4D64-90D7-BB8A92381C7D}
	EndProjectSection
EndProject
Project("{FAE04EC0-301F-11D3-BF4B-00C04F79EFBC}") = "Genesis.Model", "Genesis.Model\Genesis.Model.csproj", "{C1FE761F-A001-4D64-90D7-BB8A92381C7D}"
EndProject
Project("{FAE04EC0-301F-11D3-BF4B-00C04F79EFBC}") = "Genesis.View", "Genesis.View\Genesis.View.csproj", "{450D3A0D-0A50-4C88-BDC1-D55D147D5E02}"
EndProject
Global
	GlobalSection(SolutionConfigurationPlatforms) = preSolution
		Debug|Any CPU = Debug|Any CPU
		Debug|Mixed Platforms = Debug|Mixed Platforms
		Debug|x86 = Debug|x86
		Release|Any CPU = Release|Any CPU
		Release|Mixed Platforms = Release|Mixed Platforms
		Release|x86 = Release|x86
	EndGlobalSection
	GlobalSection(ProjectConfigurationPlatforms) = postSolution
		{F1742559-9FA1-484B-86E0-1D4C6888AECE}.Debug|Any CPU.ActiveCfg = Debug|Any CPU
		{F1742559-9FA1-484B-86E0-1D4C6888AECE}.Debug|Any CPU.Build.0 = Debug|Any CPU
		{F1742559-9FA1-484B-86E0-1D4C6888AECE}.Debug|Mixed Platforms.ActiveCfg = Debug|Any CPU
		{F1742559-9FA1-484B-86E0-1D4C6888AECE}.Debug|Mixed Platforms.Build.0 = Debug|Any CPU
		{F1742559-9FA1-484B-86E0-1D4C6888AECE}.Debug|x86.ActiveCfg = Debug|Any CPU
		{F1742559-9FA1-484B-86E0-1D4C6888AECE}.Release|Any CPU.ActiveCfg = Release|Any CPU
		{F1742559-9FA1-484B-86E0-1D4C6888AECE}.Release|Any CPU.Build.0 = Release|Any CPU
		{F1742559-9FA1-484B-86E0-1D4C6888AECE}.Release|Mixed Platforms.ActiveCfg = Release|Any CPU
		{F1742559-9FA1-484B-86E0-1D4C6888AECE}.Release|Mixed Platforms.Build.0 = Release|Any CPU
		{F1742559-9FA1-484B-86E0-1D4C6888AECE}.Release|x86.ActiveCfg = Release|Any CPU
		{C1FE761F-A001-4D64-90D7-BB8A92381C7D}.Debug|Any CPU.ActiveCfg = Debug|Any CPU
		{C1FE761F-A001-4D64-90D7-BB8A92381C7D}.Debug|Any CPU.Build.0 = Debug|Any CPU
		{C1FE761F-A001-4D64-90D7-BB8A92381C7D}.Debug|Mixed Platforms.ActiveCfg = Debug|Any CPU
		{C1FE761F-A001-4D64-90D7-BB8A92381C7D}.Debug|Mixed Platforms.Build.0 = Debug|Any CPU
		{C1FE761F-A001-4D64-90D7-BB8A92381C7D}.Debug|x86.ActiveCfg = Debug|Any CPU
		{C1FE761F-A001-4D64-90D7-BB8A92381C7D}.Release|Any CPU.ActiveCfg = Release|Any CPU
		{C1FE761F-A001-4D64-90D7-BB8A92381C7D}.Release|Any CPU.Build.0 = Release|Any CPU
		{C1FE761F-A001-4D64-90D7-BB8A92381C7D}.Release|Mixed Platforms.ActiveCfg = Release|Any CPU
		{C1FE761F-A001-4D64-90D7-BB8A92381C7D}.Release|Mixed Platforms.Build.0 = Release|Any CPU
		{C1FE761F-A001-4D64-90D7-BB8A92381C7D}.Release|x86.ActiveCfg = Release|Any CPU
		{450D3A0D-0A50-4C88-BDC1-D55D147D5E02}.Debug|Any CPU.ActiveCfg = Debug|x86
		{450D3A0D-0A50-4C88-BDC1-D55D147D5E02}.Debug|Mixed Platforms.ActiveCfg = Debug|x86
		{450D3A0D-0A50-4C88-BDC1-D55D147D5E02}.Debug|Mixed Platforms.Build.0 = Debug|x86
		{450D3A0D-0A50-4C88-BDC1-D55D147D5E02}.Debug|x86.ActiveCfg = Debug|x86
		{450D3A0D-0A50-4C88-BDC1-D55D147D5E02}.Debug|x86.Build.0 = Debug|x86
		{450D3A0D-0A50-4C88-BDC1-D55D147D5E02}.Release|Any CPU.ActiveCfg = Release|x86
		{450D3A0D-0A50-4C88-BDC1-D55D147D5E02}.Release|Mixed Platforms.ActiveCfg = Release|x86
		{450D3A0D-0A50-4C88-BDC1-D55D147D5E02}.Release|Mixed Platforms.Build.0 = Release|x86
		{450D3A0D-0A50-4C88-BDC1-D55D147D5E02}.Release|x86.ActiveCfg = Release|x86
		{450D3A0D-0A50-4C88-BDC1-D55D147D5E02}.Release|x86.Build.0 = Release|x86
	EndGlobalSection
	GlobalSection(SolutionProperties) = preSolution
		HideSolutionNode = FALSE
	EndGlobalSection
EndGlobal
